# This file is automatically @generated by Cargo.
# It is not intended for manual editing.
version = 3

[[package]]
name = "addr2line"
version = "0.19.0"
source = "registry+https://github.com/rust-lang/crates.io-index"
checksum = "a76fd60b23679b7d19bd066031410fb7e458ccc5e958eb5c325888ce4baedc97"
dependencies = [
 "gimli",
]

[[package]]
name = "adler"
version = "1.0.2"
source = "registry+https://github.com/rust-lang/crates.io-index"
checksum = "f26201604c87b1e01bd3d98f8d5d9a8fcbb815e8cedb41ffccbeb4bf593a35fe"

[[package]]
name = "backtrace"
version = "0.3.67"
source = "registry+https://github.com/rust-lang/crates.io-index"
checksum = "233d376d6d185f2a3093e58f283f60f880315b6c60075b01f36b3b85154564ca"
dependencies = [
 "addr2line",
 "cc",
 "cfg-if",
 "libc",
 "miniz_oxide",
 "object",
 "rustc-demangle",
]

[[package]]
name = "bincode"
version = "1.3.3"
source = "registry+https://github.com/rust-lang/crates.io-index"
checksum = "b1f45e9417d87227c7a56d22e471c6206462cba514c7590c09aff4cf6d1ddcad"
dependencies = [
 "serde",
]

[[package]]
name = "bitflags"
version = "1.3.2"
source = "registry+https://github.com/rust-lang/crates.io-index"
checksum = "bef38d45163c2f1dde094a7dfd33ccf595c92905c8f8f4fdc18d06fb1037718a"

[[package]]
name = "cc"
version = "1.0.79"
source = "registry+https://github.com/rust-lang/crates.io-index"
checksum = "50d30906286121d95be3d479533b458f87493b30a4b5f79a607db8f5d11aa91f"

[[package]]
name = "cfg-if"
version = "1.0.0"
source = "registry+https://github.com/rust-lang/crates.io-index"
checksum = "baf1de4339761588bc0619e3cbc0120ee582ebb74b53b4efbf79117bd2da40fd"

[[package]]
name = "color-eyre"
version = "0.6.2"
source = "registry+https://github.com/rust-lang/crates.io-index"
checksum = "5a667583cca8c4f8436db8de46ea8233c42a7d9ae424a82d338f2e4675229204"
dependencies = [
 "backtrace",
 "color-spantrace",
 "eyre",
 "indenter",
 "once_cell",
 "owo-colors",
 "tracing-error",
]

[[package]]
name = "color-spantrace"
version = "0.2.0"
source = "registry+https://github.com/rust-lang/crates.io-index"
checksum = "1ba75b3d9449ecdccb27ecbc479fdc0b87fa2dd43d2f8298f9bf0e59aacc8dce"
dependencies = [
 "once_cell",
 "owo-colors",
 "tracing-core",
 "tracing-error",
]

[[package]]
name = "const_panic"
version = "0.2.7"
source = "registry+https://github.com/rust-lang/crates.io-index"
checksum = "58baae561b85ca19b3122a9ddd35c8ec40c3bcd14fe89921824eae73f7baffbf"

[[package]]
name = "core-foundation-sys"
version = "0.8.3"
source = "registry+https://github.com/rust-lang/crates.io-index"
checksum = "5827cebf4670468b8772dd191856768aedcb1b0278a04f989f7766351917b9dc"

[[package]]
name = "cstr"
version = "0.2.11"
source = "registry+https://github.com/rust-lang/crates.io-index"
checksum = "8aa998c33a6d3271e3678950a22134cd7dd27cef86dee1b611b5b14207d1d90b"
dependencies = [
 "proc-macro2",
 "quote",
]

[[package]]
name = "ctor"
version = "0.1.26"
source = "registry+https://github.com/rust-lang/crates.io-index"
checksum = "6d2301688392eb071b0bf1a37be05c469d3cc4dbbd95df672fe28ab021e6a096"
dependencies = [
 "quote",
 "syn",
]

[[package]]
name = "dll-syringe"
version = "0.15.0"
source = "registry+https://github.com/rust-lang/crates.io-index"
checksum = "2d033373624f6b27ece2c6e96f5962198870d8f9542614ce6e2eabdd89ccf177"
dependencies = [
 "bincode",
 "cstr",
 "goblin",
 "iced-x86",
 "konst",
 "num_enum",
 "path-absolutize",
 "same-file",
 "serde",
 "shrinkwraprs",
 "stopwatch2",
 "sysinfo",
 "thiserror",
 "widestring",
 "winapi",
]

[[package]]
name = "either"
version = "1.8.1"
source = "registry+https://github.com/rust-lang/crates.io-index"
checksum = "7fcaabb2fef8c910e7f4c7ce9f67a1283a1715879a7c230ca9d6d1ae31f16d91"

[[package]]
name = "eyre"
version = "0.6.8"
source = "registry+https://github.com/rust-lang/crates.io-index"
checksum = "4c2b6b5a29c02cdc822728b7d7b8ae1bab3e3b05d44522770ddd49722eeac7eb"
dependencies = [
 "indenter",
 "once_cell",
]

[[package]]
name = "gimli"
version = "0.27.1"
source = "registry+https://github.com/rust-lang/crates.io-index"
checksum = "221996f774192f0f718773def8201c4ae31f02616a54ccfc2d358bb0e5cefdec"

[[package]]
name = "goblin"
version = "0.6.0"
source = "registry+https://github.com/rust-lang/crates.io-index"
checksum = "572564d6cba7d09775202c8e7eebc4d534d5ae36578ab402fb21e182a0ac9505"
dependencies = [
 "log",
 "plain",
 "scroll",
]

[[package]]
name = "iced-x86"
version = "1.18.0"
source = "registry+https://github.com/rust-lang/crates.io-index"
checksum = "1dd04b950d75b3498320253b17fb92745b2cc79ead8814aede2f7c1bab858bec"
dependencies = [
 "lazy_static",
]

[[package]]
name = "indenter"
version = "0.3.3"
source = "registry+https://github.com/rust-lang/crates.io-index"
checksum = "ce23b50ad8242c51a442f3ff322d56b02f08852c77e4c0b4d3fd684abc89c683"

[[package]]
name = "itertools"
version = "0.8.2"
source = "registry+https://github.com/rust-lang/crates.io-index"
checksum = "f56a2d0bc861f9165be4eb3442afd3c236d8a98afd426f65d92324ae1091a484"
dependencies = [
 "either",
]

[[package]]
name = "konst"
version = "0.3.4"
source = "registry+https://github.com/rust-lang/crates.io-index"
checksum = "4850f150968eec6df7f1b348a0874db47a9bcd5e2a41ee1d347392f929590d9d"
dependencies = [
 "const_panic",
 "konst_kernel",
]

[[package]]
name = "konst_kernel"
version = "0.3.4"
source = "registry+https://github.com/rust-lang/crates.io-index"
checksum = "7771682454392dfe62a909aba2c6efc6674e2ad0b678fbc33b154e2e1bd59b89"

[[package]]
name = "lazy_static"
version = "1.4.0"
source = "registry+https://github.com/rust-lang/crates.io-index"
checksum = "e2abad23fbc42b3700f2f279844dc832adb2b2eb069b2df918f455c4e18cc646"

[[package]]
name = "libc"
version = "0.2.139"
source = "registry+https://github.com/rust-lang/crates.io-index"
checksum = "201de327520df007757c1f0adce6e827fe8562fbc28bfd9c15571c66ca1f5f79"

[[package]]
name = "log"
version = "0.4.17"
source = "registry+https://github.com/rust-lang/crates.io-index"
checksum = "abb12e687cfb44aa40f41fc3978ef76448f9b6038cad6aef4259d3c095a2382e"
dependencies = [
 "cfg-if",
]

[[package]]
name = "memchr"
version = "2.5.0"
source = "registry+https://github.com/rust-lang/crates.io-index"
checksum = "2dffe52ecf27772e601905b7522cb4ef790d2cc203488bbd0e2fe85fcb74566d"

[[package]]
name = "miniz_oxide"
version = "0.6.2"
source = "registry+https://github.com/rust-lang/crates.io-index"
checksum = "b275950c28b37e794e8c55d88aeb5e139d0ce23fdbbeda68f8d7174abdf9e8fa"
dependencies = [
 "adler",
]

[[package]]
name = "ntapi"
version = "0.4.0"
source = "registry+https://github.com/rust-lang/crates.io-index"
checksum = "bc51db7b362b205941f71232e56c625156eb9a929f8cf74a428fd5bc094a4afc"
dependencies = [
 "winapi",
]

[[package]]
name = "nu-ansi-term"
version = "0.46.0"
source = "registry+https://github.com/rust-lang/crates.io-index"
checksum = "77a8165726e8236064dbb45459242600304b42a5ea24ee2948e18e023bf7ba84"
dependencies = [
 "overload",
 "winapi",
]

[[package]]
name = "num_enum"
version = "0.5.9"
source = "registry+https://github.com/rust-lang/crates.io-index"
checksum = "8d829733185c1ca374f17e52b762f24f535ec625d2cc1f070e34c8a9068f341b"
dependencies = [
 "num_enum_derive",
]

[[package]]
name = "num_enum_derive"
version = "0.5.9"
source = "registry+https://github.com/rust-lang/crates.io-index"
checksum = "2be1598bf1c313dcdd12092e3f1920f463462525a21b7b4e11b4168353d0123e"
dependencies = [
 "proc-macro2",
 "quote",
 "syn",
]

[[package]]
name = "object"
version = "0.30.3"
source = "registry+https://github.com/rust-lang/crates.io-index"
checksum = "ea86265d3d3dcb6a27fc51bd29a4bf387fae9d2986b823079d4986af253eb439"
dependencies = [
 "memchr",
]

[[package]]
name = "once_cell"
version = "1.17.0"
source = "registry+https://github.com/rust-lang/crates.io-index"
checksum = "6f61fba1741ea2b3d6a1e3178721804bb716a68a6aeba1149b5d52e3d464ea66"

[[package]]
name = "overload"
version = "0.1.1"
source = "registry+https://github.com/rust-lang/crates.io-index"
checksum = "b15813163c1d831bf4a13c3610c05c0d03b39feb07f7e09fa234dac9b15aaf39"

[[package]]
name = "owo-colors"
version = "3.5.0"
source = "registry+https://github.com/rust-lang/crates.io-index"
checksum = "c1b04fb49957986fdce4d6ee7a65027d55d4b6d2265e5848bbb507b58ccfdb6f"

[[package]]
name = "path-absolutize"
version = "3.0.14"
source = "registry+https://github.com/rust-lang/crates.io-index"
checksum = "0f1d4993b16f7325d90c18c3c6a3327db7808752db8d208cea0acee0abd52c52"
dependencies = [
 "path-dedot",
]

[[package]]
name = "path-dedot"
version = "3.0.18"
source = "registry+https://github.com/rust-lang/crates.io-index"
checksum = "9a81540d94551664b72b72829b12bd167c73c9d25fbac0e04fafa8023f7e4901"
dependencies = [
 "once_cell",
]

[[package]]
name = "pin-project-lite"
version = "0.2.9"
source = "registry+https://github.com/rust-lang/crates.io-index"
checksum = "e0a7ae3ac2f1173085d398531c705756c94a4c56843785df85a60c1a0afac116"

[[package]]
name = "plain"
version = "0.2.3"
source = "registry+https://github.com/rust-lang/crates.io-index"
checksum = "b4596b6d070b27117e987119b4dac604f3c58cfb0b191112e24771b2faeac1a6"

[[package]]
name = "proc-macro2"
version = "1.0.50"
source = "registry+https://github.com/rust-lang/crates.io-index"
checksum = "6ef7d57beacfaf2d8aee5937dab7b7f28de3cb8b1828479bb5de2a7106f2bae2"
dependencies = [
 "unicode-ident",
]

[[package]]
name = "pvz-mod"
version = "0.1.0"
dependencies = [
 "color-eyre",
 "ctor",
 "dll-syringe",
 "tracing",
 "tracing-subscriber",
]

[[package]]
name = "quote"
version = "1.0.23"
source = "registry+https://github.com/rust-lang/crates.io-index"
checksum = "8856d8364d252a14d474036ea1358d63c9e6965c8e5c1885c18f73d70bff9c7b"
dependencies = [
 "proc-macro2",
]

[[package]]
name = "rustc-demangle"
version = "0.1.21"
source = "registry+https://github.com/rust-lang/crates.io-index"
checksum = "7ef03e0a2b150c7a90d01faf6254c9c48a41e95fb2a8c2ac1c6f0d2b9aefc342"

[[package]]
name = "same-file"
version = "1.0.6"
source = "registry+https://github.com/rust-lang/crates.io-index"
checksum = "93fc1dc3aaa9bfed95e02e6eadabb4baf7e3078b0bd1b4d7b6b0b68378900502"
dependencies = [
 "winapi-util",
]

[[package]]
name = "scroll"
version = "0.11.0"
source = "registry+https://github.com/rust-lang/crates.io-index"
checksum = "04c565b551bafbef4157586fa379538366e4385d42082f255bfd96e4fe8519da"
dependencies = [
 "scroll_derive",
]

[[package]]
name = "scroll_derive"
version = "0.11.0"
source = "registry+https://github.com/rust-lang/crates.io-index"
checksum = "bdbda6ac5cd1321e724fa9cee216f3a61885889b896f073b8f82322789c5250e"
dependencies = [
 "proc-macro2",
 "quote",
 "syn",
]

[[package]]
name = "serde"
version = "1.0.152"
source = "registry+https://github.com/rust-lang/crates.io-index"
checksum = "bb7d1f0d3021d347a83e556fc4683dea2ea09d87bccdf88ff5c12545d89d5efb"

[[package]]
name = "sharded-slab"
version = "0.1.4"
source = "registry+https://github.com/rust-lang/crates.io-index"
checksum = "900fba806f70c630b0a382d0d825e17a0f19fcd059a2ade1ff237bcddf446b31"
dependencies = [
 "lazy_static",
]

[[package]]
name = "shrinkwraprs"
version = "0.3.0"
source = "registry+https://github.com/rust-lang/crates.io-index"
checksum = "e63e6744142336dfb606fe2b068afa2e1cca1ee6a5d8377277a92945d81fa331"
dependencies = [
 "bitflags",
 "itertools",
 "proc-macro2",
 "quote",
 "syn",
]

[[package]]
name = "smallvec"
version = "1.10.0"
source = "registry+https://github.com/rust-lang/crates.io-index"
checksum = "a507befe795404456341dfab10cef66ead4c041f62b8b11bbb92bffe5d0953e0"

[[package]]
name = "stopwatch2"
version = "2.0.0"
source = "registry+https://github.com/rust-lang/crates.io-index"
checksum = "911ece10388afa48417f99e01df038460b6249a3ee0255f6446a6881b702fbb4"

[[package]]
name = "syn"
version = "1.0.107"
source = "registry+https://github.com/rust-lang/crates.io-index"
checksum = "1f4064b5b16e03ae50984a5a8ed5d4f8803e6bc1fd170a3cda91a1be4b18e3f5"
dependencies = [
 "proc-macro2",
 "quote",
 "unicode-ident",
]

[[package]]
name = "sysinfo"
version = "0.27.7"
source = "registry+https://github.com/rust-lang/crates.io-index"
checksum = "975fe381e0ecba475d4acff52466906d95b153a40324956552e027b2a9eaa89e"
dependencies = [
 "cfg-if",
 "core-foundation-sys",
 "libc",
 "ntapi",
 "once_cell",
 "winapi",
]

[[package]]
name = "thiserror"
version = "1.0.38"
source = "registry+https://github.com/rust-lang/crates.io-index"
checksum = "6a9cd18aa97d5c45c6603caea1da6628790b37f7a34b6ca89522331c5180fed0"
dependencies = [
 "thiserror-impl",
]

[[package]]
name = "thiserror-impl"
version = "1.0.38"
source = "registry+https://github.com/rust-lang/crates.io-index"
checksum = "1fb327af4685e4d03fa8cbcf1716380da910eeb2bb8be417e7f9fd3fb164f36f"
dependencies = [
 "proc-macro2",
 "quote",
 "syn",
]

[[package]]
name = "thread_local"
version = "1.1.4"
source = "registry+https://github.com/rust-lang/crates.io-index"
checksum = "5516c27b78311c50bf42c071425c560ac799b11c30b31f87e3081965fe5e0180"
dependencies = [
 "once_cell",
]

[[package]]
name = "tracing"
version = "0.1.37"
source = "registry+https://github.com/rust-lang/crates.io-index"
checksum = "8ce8c33a8d48bd45d624a6e523445fd21ec13d3653cd51f681abf67418f54eb8"
dependencies = [
 "cfg-if",
 "pin-project-lite",
 "tracing-attributes",
 "tracing-core",
]

[[package]]
name = "tracing-attributes"
version = "0.1.23"
source = "registry+https://github.com/rust-lang/crates.io-index"
checksum = "4017f8f45139870ca7e672686113917c71c7a6e02d4924eda67186083c03081a"
dependencies = [
 "proc-macro2",
 "quote",
 "syn",
]

[[package]]
name = "tracing-core"
version = "0.1.30"
source = "registry+https://github.com/rust-lang/crates.io-index"
checksum = "24eb03ba0eab1fd845050058ce5e616558e8f8d8fca633e6b163fe25c797213a"
dependencies = [
 "once_cell",
 "valuable",
]

[[package]]
name = "tracing-error"
version = "0.2.0"
source = "registry+https://github.com/rust-lang/crates.io-index"
checksum = "d686ec1c0f384b1277f097b2f279a2ecc11afe8c133c1aabf036a27cb4cd206e"
dependencies = [
 "tracing",
 "tracing-subscriber",
]

[[package]]
name = "tracing-log"
version = "0.1.3"
source = "registry+https://github.com/rust-lang/crates.io-index"
checksum = "78ddad33d2d10b1ed7eb9d1f518a5674713876e97e5bb9b7345a7984fbb4f922"
dependencies = [
 "lazy_static",
 "log",
 "tracing-core",
]

[[package]]
name = "tracing-subscriber"
version = "0.3.16"
source = "registry+https://github.com/rust-lang/crates.io-index"
checksum = "a6176eae26dd70d0c919749377897b54a9276bd7061339665dd68777926b5a70"
dependencies = [
 "nu-ansi-term",
 "sharded-slab",
 "smallvec",
 "thread_local",
 "tracing-core",
 "tracing-log",
]

[[package]]
name = "unicode-ident"
version = "1.0.6"
source = "registry+https://github.com/rust-lang/crates.io-index"
checksum = "84a22b9f218b40614adcb3f4ff08b703773ad44fa9423e4e0d346d5db86e4ebc"

[[package]]
name = "valuable"
version = "0.1.0"
source = "registry+https://github.com/rust-lang/crates.io-index"
checksum = "830b7e5d4d90034032940e4ace0d9a9a057e7a45cd94e6c007832e39edb82f6d"

[[package]]
name = "widestring"
version = "1.0.2"
source = "registry+https://github.com/rust-lang/crates.io-index"
checksum = "653f141f39ec16bba3c5abe400a0c60da7468261cc2cbf36805022876bc721a8"

[[package]]
name = "winapi"
version = "0.3.9"
source = "registry+https://github.com/rust-lang/crates.io-index"
checksum = "5c839a674fcd7a98952e593242ea400abe93992746761e38641405d28b00f419"
dependencies = [
 "winapi-i686-pc-windows-gnu",
 "winapi-x86_64-pc-windows-gnu",
]

[[package]]
name = "winapi-i686-pc-windows-gnu"
version = "0.4.0"
source = "registry+https://github.com/rust-lang/crates.io-index"
checksum = "ac3b87c63620426dd9b991e5ce0329eff545bccbbb34f3be09ff6fb6ab51b7b6"

[[package]]
name = "winapi-util"
version = "0.1.5"
source = "registry+https://github.com/rust-lang/crates.io-index"
checksum = "70ec6ce85bb158151cae5e5c87f95a8e97d2c0c4b001223f33a334e3ce5de178"
dependencies = [
 "winapi",
]

[[package]]
name = "winapi-x86_64-pc-windows-gnu"
version = "0.4.0"
source = "registry+https://github.com/rust-lang/crates.io-index"
checksum = "712e227841d057c1ee1cd2fb22fa7e5a5461ae8e48fa2ca79ec42cfc1931183f"
